
Microsoft Visual Studio Solution File, Format Version 12.00
# Visual Studio Version 16
VisualStudioVersion = 16.0.30907.101
MinimumVisualStudioVersion = 10.0.40219.1
Project("{9A19103F-16F7-4668-BE54-9A1E7A4F7556}") = "EFCoreDemo", "EFCoreDemo.csproj", "{CBC2DBAC-5160-4210-A539-C63D81472E66}"
EndProject
Project("{FAE04EC0-301F-11D3-BF4B-00C04F79EFBC}") = "WinForm-With-EFCore", "..\WinForm-With-EFCore\WinForm-With-EFCore.csproj", "{D1719C90-8A51-4ED5-9CC5-ACFED319BB92}"
EndProject
Global
	GlobalSection(SolutionConfigurationPlatforms) = preSolution
		Debug|Any CPU = Debug|Any CPU
		Release|Any CPU = Release|Any CPU
	EndGlobalSection
	GlobalSection(ProjectConfigurationPlatforms) = postSolution
		{CBC2DBAC-5160-4210-A539-C63D81472E66}.Debug|Any CPU.ActiveCfg = Debug|Any CPU
		{CBC2DBAC-5160-4210-A539-C63D81472E66}.Debug|Any CPU.Build.0 = Debug|Any CPU
		{CBC2DBAC-5160-4210-A539-C63D81472E66}.Release|Any CPU.ActiveCfg = Release|Any CPU
		{CBC2DBAC-5160-4210-A539-C63D81472E66}.Release|Any CPU.Build.0 = Release|Any CPU
		{D1719C90-8A51-4ED5-9CC5-ACFED319BB92}.Debug|Any CPU.ActiveCfg = Debug|Any CPU
		{D1719C90-8A51-4ED5-9CC5-ACFED319BB92}.Debug|Any CPU.Build.0 = Debug|Any CPU
		{D1719C90-8A51-4ED5-9CC5-ACFED319BB92}.Release|Any CPU.ActiveCfg = Release|Any CPU
		{D1719C90-8A51-4ED5-9CC5-ACFED319BB92}.Release|Any CPU.Build.0 = Release|Any CPU
	EndGlobalSection
	GlobalSection(SolutionProperties) = preSolution
		HideSolutionNode = FALSE
	EndGlobalSection
	GlobalSection(ExtensibilityGlobals) = postSolution
		SolutionGuid = {A9FDE288-3D87-42FF-B9B2-C38DDAD075FD}
	EndGlobalSection
EndGlobal
